
Microsoft Visual Studio Solution File, Format Version 12.00
# Visual Studio Version 16
VisualStudioVersion = 16.0.29318.209
MinimumVisualStudioVersion = 10.0.40219.1
Project("{9A19103F-16F7-4668-BE54-9A1E7A4F7556}") = "Fibonacci", "Fibonacci\Fibonacci.csproj", "{5E591982-5B5A-4C1B-8456-1DEF32473738}"
EndProject
Project("{FAE04EC0-301F-11D3-BF4B-00C04F79EFBC}") = "Fibonacci.Client", "Fibonacci.Client\Fibonacci.Client.csproj", "{3EF19ED9-9B44-4114-BF6F-30EA1E3F3D9B}"
EndProject
Project("{FAE04EC0-301F-11D3-BF4B-00C04F79EFBC}") = "UnitTest", "NUnitTestProject1\UnitTest.csproj", "{3BFBD653-4301-4C3F-9C14-4C482298171E}"
EndProject
Global
	GlobalSection(SolutionConfigurationPlatforms) = preSolution
		Debug|Any CPU = Debug|Any CPU
		Release|Any CPU = Release|Any CPU
	EndGlobalSection
	GlobalSection(ProjectConfigurationPlatforms) = postSolution
		{5E591982-5B5A-4C1B-8456-1DEF32473738}.Debug|Any CPU.ActiveCfg = Debug|Any CPU
		{5E591982-5B5A-4C1B-8456-1DEF32473738}.Debug|Any CPU.Build.0 = Debug|Any CPU
		{5E591982-5B5A-4C1B-8456-1DEF32473738}.Release|Any CPU.ActiveCfg = Release|Any CPU
		{5E591982-5B5A-4C1B-8456-1DEF32473738}.Release|Any CPU.Build.0 = Release|Any CPU
		{3EF19ED9-9B44-4114-BF6F-30EA1E3F3D9B}.Debug|Any CPU.ActiveCfg = Debug|Any CPU
		{3EF19ED9-9B44-4114-BF6F-30EA1E3F3D9B}.Debug|Any CPU.Build.0 = Debug|Any CPU
		{3EF19ED9-9B44-4114-BF6F-30EA1E3F3D9B}.Release|Any CPU.ActiveCfg = Release|Any CPU
		{3EF19ED9-9B44-4114-BF6F-30EA1E3F3D9B}.Release|Any CPU.Build.0 = Release|Any CPU
		{3BFBD653-4301-4C3F-9C14-4C482298171E}.Debug|Any CPU.ActiveCfg = Debug|Any CPU
		{3BFBD653-4301-4C3F-9C14-4C482298171E}.Debug|Any CPU.Build.0 = Debug|Any CPU
		{3BFBD653-4301-4C3F-9C14-4C482298171E}.Release|Any CPU.ActiveCfg = Release|Any CPU
		{3BFBD653-4301-4C3F-9C14-4C482298171E}.Release|Any CPU.Build.0 = Release|Any CPU
	EndGlobalSection
	GlobalSection(SolutionProperties) = preSolution
		HideSolutionNode = FALSE
	EndGlobalSection
	GlobalSection(ExtensibilityGlobals) = postSolution
		SolutionGuid = {AEF708D8-70BA-4C0A-96C6-24766C72D8D1}
	EndGlobalSection
EndGlobal
