
Microsoft Visual Studio Solution File, Format Version 12.00
# Visual Studio Version 16
VisualStudioVersion = 16.0.29318.209
MinimumVisualStudioVersion = 10.0.40219.1
Project("{FAE04EC0-301F-11D3-BF4B-00C04F79EFBC}") = "Menu.Models", "Pizza.Models\Menu.Models.csproj", "{5AAE116C-3963-4D97-B8BB-C0BF8B3F0492}"
EndProject
Project("{FAE04EC0-301F-11D3-BF4B-00C04F79EFBC}") = "Menu.UnitTests", "Pizza.UnitTests\Menu.UnitTests.csproj", "{0968BABC-8E60-4D80-8877-BB254669309B}"
EndProject
Project("{FAE04EC0-301F-11D3-BF4B-00C04F79EFBC}") = "MenuApplication", "MenuApplication\MenuApplication.csproj", "{1E0D335D-19F8-44F5-80AB-F46089156BD0}"
EndProject
Global
	GlobalSection(SolutionConfigurationPlatforms) = preSolution
		Debug|Any CPU = Debug|Any CPU
		Release|Any CPU = Release|Any CPU
	EndGlobalSection
	GlobalSection(ProjectConfigurationPlatforms) = postSolution
		{5AAE116C-3963-4D97-B8BB-C0BF8B3F0492}.Debug|Any CPU.ActiveCfg = Debug|Any CPU
		{5AAE116C-3963-4D97-B8BB-C0BF8B3F0492}.Debug|Any CPU.Build.0 = Debug|Any CPU
		{5AAE116C-3963-4D97-B8BB-C0BF8B3F0492}.Release|Any CPU.ActiveCfg = Release|Any CPU
		{5AAE116C-3963-4D97-B8BB-C0BF8B3F0492}.Release|Any CPU.Build.0 = Release|Any CPU
		{0968BABC-8E60-4D80-8877-BB254669309B}.Debug|Any CPU.ActiveCfg = Debug|Any CPU
		{0968BABC-8E60-4D80-8877-BB254669309B}.Debug|Any CPU.Build.0 = Debug|Any CPU
		{0968BABC-8E60-4D80-8877-BB254669309B}.Release|Any CPU.ActiveCfg = Release|Any CPU
		{0968BABC-8E60-4D80-8877-BB254669309B}.Release|Any CPU.Build.0 = Release|Any CPU
		{1E0D335D-19F8-44F5-80AB-F46089156BD0}.Debug|Any CPU.ActiveCfg = Debug|Any CPU
		{1E0D335D-19F8-44F5-80AB-F46089156BD0}.Debug|Any CPU.Build.0 = Debug|Any CPU
		{1E0D335D-19F8-44F5-80AB-F46089156BD0}.Release|Any CPU.ActiveCfg = Release|Any CPU
		{1E0D335D-19F8-44F5-80AB-F46089156BD0}.Release|Any CPU.Build.0 = Release|Any CPU
	EndGlobalSection
	GlobalSection(SolutionProperties) = preSolution
		HideSolutionNode = FALSE
	EndGlobalSection
	GlobalSection(ExtensibilityGlobals) = postSolution
		SolutionGuid = {CD9E65AD-676C-40C8-9FAF-79B29230A7FA}
	EndGlobalSection
EndGlobal
