
Microsoft Visual Studio Solution File, Format Version 12.00
# Visual Studio Version 16
VisualStudioVersion = 16.0.31105.61
MinimumVisualStudioVersion = 10.0.40219.1
Project("{FAE04EC0-301F-11D3-BF4B-00C04F79EFBC}") = "PasswordGenerator", "PasswordGenerator.csproj", "{ABDF3C86-C108-4C1F-8CA4-A10F211EE8E2}"
EndProject
Project("{FAE04EC0-301F-11D3-BF4B-00C04F79EFBC}") = "PasswordHandler", "..\PasswordHandler\PasswordHandler.csproj", "{855B72BD-8E6E-4055-ADCC-F43646AD5ADB}"
EndProject
Global
	GlobalSection(SolutionConfigurationPlatforms) = preSolution
		Debug|Any CPU = Debug|Any CPU
		Release|Any CPU = Release|Any CPU
	EndGlobalSection
	GlobalSection(ProjectConfigurationPlatforms) = postSolution
		{ABDF3C86-C108-4C1F-8CA4-A10F211EE8E2}.Debug|Any CPU.ActiveCfg = Debug|Any CPU
		{ABDF3C86-C108-4C1F-8CA4-A10F211EE8E2}.Debug|Any CPU.Build.0 = Debug|Any CPU
		{ABDF3C86-C108-4C1F-8CA4-A10F211EE8E2}.Release|Any CPU.ActiveCfg = Release|Any CPU
		{ABDF3C86-C108-4C1F-8CA4-A10F211EE8E2}.Release|Any CPU.Build.0 = Release|Any CPU
		{855B72BD-8E6E-4055-ADCC-F43646AD5ADB}.Debug|Any CPU.ActiveCfg = Debug|Any CPU
		{855B72BD-8E6E-4055-ADCC-F43646AD5ADB}.Debug|Any CPU.Build.0 = Debug|Any CPU
		{855B72BD-8E6E-4055-ADCC-F43646AD5ADB}.Release|Any CPU.ActiveCfg = Release|Any CPU
		{855B72BD-8E6E-4055-ADCC-F43646AD5ADB}.Release|Any CPU.Build.0 = Release|Any CPU
	EndGlobalSection
	GlobalSection(SolutionProperties) = preSolution
		HideSolutionNode = FALSE
	EndGlobalSection
	GlobalSection(ExtensibilityGlobals) = postSolution
		SolutionGuid = {8154702C-98C6-4946-ABF8-07B6AC0D4846}
	EndGlobalSection
EndGlobal
