
Microsoft Visual Studio Solution File, Format Version 12.00
# Visual Studio Version 16
VisualStudioVersion = 16.0.29230.47
MinimumVisualStudioVersion = 10.0.40219.1
Project("{FAE04EC0-301F-11D3-BF4B-00C04F79EFBC}") = "ConsoleApplicationSumOfMultiplier", "ConsoleApplicationSumOf\ConsoleApplicationSumOfMultiplier.csproj", "{9CF21F40-9BA1-45A7-A9C3-62CF5FF8D21F}"
EndProject
Project("{FAE04EC0-301F-11D3-BF4B-00C04F79EFBC}") = "UnitTest", "UnitTest\UnitTest.csproj", "{649551C0-5869-41E1-8597-0E10176FBE04}"
EndProject
Global
	GlobalSection(SolutionConfigurationPlatforms) = preSolution
		Debug|Any CPU = Debug|Any CPU
		Release|Any CPU = Release|Any CPU
	EndGlobalSection
	GlobalSection(ProjectConfigurationPlatforms) = postSolution
		{9CF21F40-9BA1-45A7-A9C3-62CF5FF8D21F}.Debug|Any CPU.ActiveCfg = Debug|Any CPU
		{9CF21F40-9BA1-45A7-A9C3-62CF5FF8D21F}.Debug|Any CPU.Build.0 = Debug|Any CPU
		{9CF21F40-9BA1-45A7-A9C3-62CF5FF8D21F}.Release|Any CPU.ActiveCfg = Release|Any CPU
		{9CF21F40-9BA1-45A7-A9C3-62CF5FF8D21F}.Release|Any CPU.Build.0 = Release|Any CPU
		{649551C0-5869-41E1-8597-0E10176FBE04}.Debug|Any CPU.ActiveCfg = Debug|Any CPU
		{649551C0-5869-41E1-8597-0E10176FBE04}.Debug|Any CPU.Build.0 = Debug|Any CPU
		{649551C0-5869-41E1-8597-0E10176FBE04}.Release|Any CPU.ActiveCfg = Release|Any CPU
		{649551C0-5869-41E1-8597-0E10176FBE04}.Release|Any CPU.Build.0 = Release|Any CPU
	EndGlobalSection
	GlobalSection(SolutionProperties) = preSolution
		HideSolutionNode = FALSE
	EndGlobalSection
	GlobalSection(ExtensibilityGlobals) = postSolution
		SolutionGuid = {215BD1A9-8CA6-42B5-BB71-3DF1C3599FC6}
	EndGlobalSection
EndGlobal
